
Microsoft Visual Studio Solution File, Format Version 12.00
# Visual Studio 15
VisualStudioVersion = 15.0.28307.271
MinimumVisualStudioVersion = 10.0.40219.1
Project("{FAE04EC0-301F-11D3-BF4B-00C04F79EFBC}") = "TestNinja", "TestNinja\TestNinja.csproj", "{7328740E-4B78-464F-8352-65D887F2145F}"
EndProject
Project("{FAE04EC0-301F-11D3-BF4B-00C04F79EFBC}") = "TestNinja.UnitTests", "TestNinja.UnitTests\TestNinja.UnitTests.csproj", "{0985E968-4B96-4861-BB9E-500F2E2320FA}"
EndProject
Project("{9A19103F-16F7-4668-BE54-9A1E7A4F7556}") = "DependencyInjectionCore", "DependencyInjectionCore\DependencyInjectionCore.csproj", "{18119604-94C8-4959-88E7-826E7486BC8C}"
EndProject
Project("{FAE04EC0-301F-11D3-BF4B-00C04F79EFBC}") = "DependencyInjection.Notification", "DependencyInjection.Notification\DependencyInjection.Notification.csproj", "{8430D1B0-D477-4297-8B7D-E351AFF35DF7}"
EndProject
Project("{FAE04EC0-301F-11D3-BF4B-00C04F79EFBC}") = "DependencyInjection.Init", "DependencyInjection.Init\DependencyInjection.Init.csproj", "{D5436C22-4B6E-4EF8-A7E8-9105C611C206}"
EndProject
Global
	GlobalSection(SolutionConfigurationPlatforms) = preSolution
		Debug|Any CPU = Debug|Any CPU
		Release|Any CPU = Release|Any CPU
	EndGlobalSection
	GlobalSection(ProjectConfigurationPlatforms) = postSolution
		{7328740E-4B78-464F-8352-65D887F2145F}.Debug|Any CPU.ActiveCfg = Debug|Any CPU
		{7328740E-4B78-464F-8352-65D887F2145F}.Debug|Any CPU.Build.0 = Debug|Any CPU
		{7328740E-4B78-464F-8352-65D887F2145F}.Release|Any CPU.ActiveCfg = Release|Any CPU
		{7328740E-4B78-464F-8352-65D887F2145F}.Release|Any CPU.Build.0 = Release|Any CPU
		{0985E968-4B96-4861-BB9E-500F2E2320FA}.Debug|Any CPU.ActiveCfg = Debug|Any CPU
		{0985E968-4B96-4861-BB9E-500F2E2320FA}.Debug|Any CPU.Build.0 = Debug|Any CPU
		{0985E968-4B96-4861-BB9E-500F2E2320FA}.Release|Any CPU.ActiveCfg = Release|Any CPU
		{0985E968-4B96-4861-BB9E-500F2E2320FA}.Release|Any CPU.Build.0 = Release|Any CPU
		{18119604-94C8-4959-88E7-826E7486BC8C}.Debug|Any CPU.ActiveCfg = Debug|Any CPU
		{18119604-94C8-4959-88E7-826E7486BC8C}.Debug|Any CPU.Build.0 = Debug|Any CPU
		{18119604-94C8-4959-88E7-826E7486BC8C}.Release|Any CPU.ActiveCfg = Release|Any CPU
		{18119604-94C8-4959-88E7-826E7486BC8C}.Release|Any CPU.Build.0 = Release|Any CPU
		{8430D1B0-D477-4297-8B7D-E351AFF35DF7}.Debug|Any CPU.ActiveCfg = Debug|Any CPU
		{8430D1B0-D477-4297-8B7D-E351AFF35DF7}.Debug|Any CPU.Build.0 = Debug|Any CPU
		{8430D1B0-D477-4297-8B7D-E351AFF35DF7}.Release|Any CPU.ActiveCfg = Release|Any CPU
		{8430D1B0-D477-4297-8B7D-E351AFF35DF7}.Release|Any CPU.Build.0 = Release|Any CPU
		{D5436C22-4B6E-4EF8-A7E8-9105C611C206}.Debug|Any CPU.ActiveCfg = Debug|Any CPU
		{D5436C22-4B6E-4EF8-A7E8-9105C611C206}.Debug|Any CPU.Build.0 = Debug|Any CPU
		{D5436C22-4B6E-4EF8-A7E8-9105C611C206}.Release|Any CPU.ActiveCfg = Release|Any CPU
		{D5436C22-4B6E-4EF8-A7E8-9105C611C206}.Release|Any CPU.Build.0 = Release|Any CPU
	EndGlobalSection
	GlobalSection(SolutionProperties) = preSolution
		HideSolutionNode = FALSE
	EndGlobalSection
	GlobalSection(ExtensibilityGlobals) = postSolution
		SolutionGuid = {96AE5305-7BA6-4501-ABCE-CAD596AD6EA0}
	EndGlobalSection
EndGlobal
